
Microsoft Visual Studio Solution File, Format Version 12.00
# Visual Studio 2012
Project("{FAE04EC0-301F-11D3-BF4B-00C04F79EFBC}") = "Collaborator.Wpf", "Collaborator.Wpf\Collaborator.Wpf.csproj", "{AFB9B507-B32F-4E20-8589-0F1E210D6BAB}"
EndProject
Project("{FAE04EC0-301F-11D3-BF4B-00C04F79EFBC}") = "Collaborator.Domain", "Collaborator.Domain\Collaborator.Domain.csproj", "{CF518B7B-EE1F-4725-BF61-4417C0BAED54}"
EndProject
Project("{2150E333-8FDC-42A3-9474-1A3956D46DE8}") = "Solution Items", "Solution Items", "{7729144A-4282-46AB-BF21-5A4B7283CBBB}"
	ProjectSection(SolutionItems) = preProject
		README.md = README.md
	EndProjectSection
EndProject
Project("{FAE04EC0-301F-11D3-BF4B-00C04F79EFBC}") = "Collaborator.Common", "Collaborator.Common\Collaborator.Common.csproj", "{EF85ECD7-6B9C-4E43-A95B-78C6ABB06B1F}"
EndProject
Project("{FAE04EC0-301F-11D3-BF4B-00C04F79EFBC}") = "Collaborator.UnitTests", "Collaborator.UnitTests\Collaborator.UnitTests.csproj", "{14E88440-3E32-401A-B5BC-23E0723A0EE7}"
EndProject
Global
	GlobalSection(SolutionConfigurationPlatforms) = preSolution
		Debug|Any CPU = Debug|Any CPU
		Release|Any CPU = Release|Any CPU
	EndGlobalSection
	GlobalSection(ProjectConfigurationPlatforms) = postSolution
		{AFB9B507-B32F-4E20-8589-0F1E210D6BAB}.Debug|Any CPU.ActiveCfg = Debug|Any CPU
		{AFB9B507-B32F-4E20-8589-0F1E210D6BAB}.Debug|Any CPU.Build.0 = Debug|Any CPU
		{AFB9B507-B32F-4E20-8589-0F1E210D6BAB}.Release|Any CPU.ActiveCfg = Release|Any CPU
		{AFB9B507-B32F-4E20-8589-0F1E210D6BAB}.Release|Any CPU.Build.0 = Release|Any CPU
		{CF518B7B-EE1F-4725-BF61-4417C0BAED54}.Debug|Any CPU.ActiveCfg = Debug|Any CPU
		{CF518B7B-EE1F-4725-BF61-4417C0BAED54}.Debug|Any CPU.Build.0 = Debug|Any CPU
		{CF518B7B-EE1F-4725-BF61-4417C0BAED54}.Release|Any CPU.ActiveCfg = Release|Any CPU
		{CF518B7B-EE1F-4725-BF61-4417C0BAED54}.Release|Any CPU.Build.0 = Release|Any CPU
		{EF85ECD7-6B9C-4E43-A95B-78C6ABB06B1F}.Debug|Any CPU.ActiveCfg = Debug|Any CPU
		{EF85ECD7-6B9C-4E43-A95B-78C6ABB06B1F}.Debug|Any CPU.Build.0 = Debug|Any CPU
		{EF85ECD7-6B9C-4E43-A95B-78C6ABB06B1F}.Release|Any CPU.ActiveCfg = Release|Any CPU
		{EF85ECD7-6B9C-4E43-A95B-78C6ABB06B1F}.Release|Any CPU.Build.0 = Release|Any CPU
		{14E88440-3E32-401A-B5BC-23E0723A0EE7}.Debug|Any CPU.ActiveCfg = Debug|Any CPU
		{14E88440-3E32-401A-B5BC-23E0723A0EE7}.Debug|Any CPU.Build.0 = Debug|Any CPU
		{14E88440-3E32-401A-B5BC-23E0723A0EE7}.Release|Any CPU.ActiveCfg = Release|Any CPU
		{14E88440-3E32-401A-B5BC-23E0723A0EE7}.Release|Any CPU.Build.0 = Release|Any CPU
	EndGlobalSection
	GlobalSection(SolutionProperties) = preSolution
		HideSolutionNode = FALSE
	EndGlobalSection
EndGlobal
